
Microsoft Visual Studio Solution File, Format Version 12.00
# Visual Studio 15
VisualStudioVersion = 15.0.28010.2003
MinimumVisualStudioVersion = 10.0.40219.1
Project("{FAE04EC0-301F-11D3-BF4B-00C04F79EFBC}") = "OdeToFood", "OdeToFood\OdeToFood.csproj", "{872C7B96-4E67-4A1D-BD06-EBAAB0DF7845}"
EndProject
Project("{FAE04EC0-301F-11D3-BF4B-00C04F79EFBC}") = "OdeToFood.Tests", "OdeToFood.Tests\OdeToFood.Tests.csproj", "{42A1EE50-BF38-47B9-93A7-4AB7599BF514}"
EndProject
Global
	GlobalSection(SolutionConfigurationPlatforms) = preSolution
		Debug|Any CPU = Debug|Any CPU
		Release|Any CPU = Release|Any CPU
	EndGlobalSection
	GlobalSection(ProjectConfigurationPlatforms) = postSolution
		{872C7B96-4E67-4A1D-BD06-EBAAB0DF7845}.Debug|Any CPU.ActiveCfg = Debug|Any CPU
		{872C7B96-4E67-4A1D-BD06-EBAAB0DF7845}.Debug|Any CPU.Build.0 = Debug|Any CPU
		{872C7B96-4E67-4A1D-BD06-EBAAB0DF7845}.Release|Any CPU.ActiveCfg = Release|Any CPU
		{872C7B96-4E67-4A1D-BD06-EBAAB0DF7845}.Release|Any CPU.Build.0 = Release|Any CPU
		{42A1EE50-BF38-47B9-93A7-4AB7599BF514}.Debug|Any CPU.ActiveCfg = Debug|Any CPU
		{42A1EE50-BF38-47B9-93A7-4AB7599BF514}.Debug|Any CPU.Build.0 = Debug|Any CPU
		{42A1EE50-BF38-47B9-93A7-4AB7599BF514}.Release|Any CPU.ActiveCfg = Release|Any CPU
		{42A1EE50-BF38-47B9-93A7-4AB7599BF514}.Release|Any CPU.Build.0 = Release|Any CPU
	EndGlobalSection
	GlobalSection(SolutionProperties) = preSolution
		HideSolutionNode = FALSE
	EndGlobalSection
	GlobalSection(ExtensibilityGlobals) = postSolution
		SolutionGuid = {5D665462-137F-408D-9B1C-05BD0C763631}
	EndGlobalSection
EndGlobal
