
Microsoft Visual Studio Solution File, Format Version 12.00
# Visual Studio 15
VisualStudioVersion = 15.0.28307.136
MinimumVisualStudioVersion = 10.0.40219.1
Project("{FAE04EC0-301F-11D3-BF4B-00C04F79EFBC}") = "Tunnitöö", "Tunnitöö\Tunnitöö.csproj", "{4E440E4C-4ECA-4C59-98B8-FAF8484F4C33}"
EndProject
Global
	GlobalSection(SolutionConfigurationPlatforms) = preSolution
		Debug|Any CPU = Debug|Any CPU
		Release|Any CPU = Release|Any CPU
	EndGlobalSection
	GlobalSection(ProjectConfigurationPlatforms) = postSolution
		{4E440E4C-4ECA-4C59-98B8-FAF8484F4C33}.Debug|Any CPU.ActiveCfg = Debug|Any CPU
		{4E440E4C-4ECA-4C59-98B8-FAF8484F4C33}.Debug|Any CPU.Build.0 = Debug|Any CPU
		{4E440E4C-4ECA-4C59-98B8-FAF8484F4C33}.Release|Any CPU.ActiveCfg = Release|Any CPU
		{4E440E4C-4ECA-4C59-98B8-FAF8484F4C33}.Release|Any CPU.Build.0 = Release|Any CPU
	EndGlobalSection
	GlobalSection(SolutionProperties) = preSolution
		HideSolutionNode = FALSE
	EndGlobalSection
	GlobalSection(ExtensibilityGlobals) = postSolution
		SolutionGuid = {DE5D8C76-E367-4629-9E29-D29A91F3F356}
	EndGlobalSection
EndGlobal
