
Microsoft Visual Studio Solution File, Format Version 12.00
# Visual Studio Version 16
VisualStudioVersion = 16.0.30413.136
MinimumVisualStudioVersion = 10.0.40219.1
Project("{FAE04EC0-301F-11D3-BF4B-00C04F79EFBC}") = "TodoApi", "TodoApi\TodoApi.csproj", "{6198A3D7-CE8E-4A6C-A85E-9153D12095E7}"
EndProject
Global
	GlobalSection(SolutionConfigurationPlatforms) = preSolution
		Debug|Any CPU = Debug|Any CPU
		Release|Any CPU = Release|Any CPU
	EndGlobalSection
	GlobalSection(ProjectConfigurationPlatforms) = postSolution
		{6198A3D7-CE8E-4A6C-A85E-9153D12095E7}.Debug|Any CPU.ActiveCfg = Debug|Any CPU
		{6198A3D7-CE8E-4A6C-A85E-9153D12095E7}.Debug|Any CPU.Build.0 = Debug|Any CPU
		{6198A3D7-CE8E-4A6C-A85E-9153D12095E7}.Release|Any CPU.ActiveCfg = Release|Any CPU
		{6198A3D7-CE8E-4A6C-A85E-9153D12095E7}.Release|Any CPU.Build.0 = Release|Any CPU
	EndGlobalSection
	GlobalSection(SolutionProperties) = preSolution
		HideSolutionNode = FALSE
	EndGlobalSection
	GlobalSection(ExtensibilityGlobals) = postSolution
		SolutionGuid = {437EBC7D-E60F-4EA2-8DD1-AA69C71F9672}
	EndGlobalSection
EndGlobal
