
Microsoft Visual Studio Solution File, Format Version 12.00
# Visual Studio Version 16
VisualStudioVersion = 16.0.30413.136
MinimumVisualStudioVersion = 10.0.40219.1
Project("{FAE04EC0-301F-11D3-BF4B-00C04F79EFBC}") = "MotorcycleApi", "MotorcycleApi\MotorcycleApi.csproj", "{AAA09774-E0A7-4506-8423-84E155C7ED1B}"
EndProject
Global
	GlobalSection(SolutionConfigurationPlatforms) = preSolution
		Debug|Any CPU = Debug|Any CPU
		Release|Any CPU = Release|Any CPU
	EndGlobalSection
	GlobalSection(ProjectConfigurationPlatforms) = postSolution
		{AAA09774-E0A7-4506-8423-84E155C7ED1B}.Debug|Any CPU.ActiveCfg = Debug|Any CPU
		{AAA09774-E0A7-4506-8423-84E155C7ED1B}.Debug|Any CPU.Build.0 = Debug|Any CPU
		{AAA09774-E0A7-4506-8423-84E155C7ED1B}.Release|Any CPU.ActiveCfg = Release|Any CPU
		{AAA09774-E0A7-4506-8423-84E155C7ED1B}.Release|Any CPU.Build.0 = Release|Any CPU
	EndGlobalSection
	GlobalSection(SolutionProperties) = preSolution
		HideSolutionNode = FALSE
	EndGlobalSection
	GlobalSection(ExtensibilityGlobals) = postSolution
		SolutionGuid = {8880768F-042A-44C2-8E5C-204657D0413F}
	EndGlobalSection
EndGlobal
